
Microsoft Visual Studio Solution File, Format Version 12.00
# Visual Studio Version 17
VisualStudioVersion = 17.2.32616.157
MinimumVisualStudioVersion = 10.0.40219.1
Project("{9A19103F-16F7-4668-BE54-9A1E7A4F7556}") = "FunctionApp5", "FunctionApp5\FunctionApp5.csproj", "{050265A1-33DC-46C5-A8F3-7748870D7624}"
EndProject
Project("{9A19103F-16F7-4668-BE54-9A1E7A4F7556}") = "Core", "Core\Core.csproj", "{AA80D9B4-BCC5-4520-B165-0B3AC3414A72}"
EndProject
Project("{9A19103F-16F7-4668-BE54-9A1E7A4F7556}") = "Infrastructure", "Infrastructure\Infrastructure.csproj", "{0ADB2725-6FD9-4404-A167-4375278FEF38}"
EndProject
Project("{9A19103F-16F7-4668-BE54-9A1E7A4F7556}") = "Persistence", "Persistence\Persistence.csproj", "{57D7FFD4-0DEB-4C02-B7D5-6ADB187625A4}"
EndProject
Project("{9A19103F-16F7-4668-BE54-9A1E7A4F7556}") = "WebApplication1", "WebApplication1\WebApplication1.csproj", "{F31C8B43-9A24-41A5-A244-9610AD719DBD}"
EndProject
Project("{9A19103F-16F7-4668-BE54-9A1E7A4F7556}") = "WebApplication2", "WebApplication2\WebApplication2.csproj", "{B8FBAB7F-7B96-4E36-8519-4947E5F9A9AC}"
EndProject
Project("{9A19103F-16F7-4668-BE54-9A1E7A4F7556}") = "WebApplication3", "WebApplication3\WebApplication3.csproj", "{9F606ACF-2297-4571-AEEF-8EA7CD2936BF}"
EndProject
Project("{FAE04EC0-301F-11D3-BF4B-00C04F79EFBC}") = "FunctionApp3", "FunctionApp3\FunctionApp3.csproj", "{4AD17582-9D76-4FCA-BFE8-C7A49F0F4E7E}"
EndProject
Global
	GlobalSection(SolutionConfigurationPlatforms) = preSolution
		Debug|Any CPU = Debug|Any CPU
		Release|Any CPU = Release|Any CPU
	EndGlobalSection
	GlobalSection(ProjectConfigurationPlatforms) = postSolution
		{050265A1-33DC-46C5-A8F3-7748870D7624}.Debug|Any CPU.ActiveCfg = Debug|Any CPU
		{050265A1-33DC-46C5-A8F3-7748870D7624}.Debug|Any CPU.Build.0 = Debug|Any CPU
		{050265A1-33DC-46C5-A8F3-7748870D7624}.Release|Any CPU.ActiveCfg = Release|Any CPU
		{050265A1-33DC-46C5-A8F3-7748870D7624}.Release|Any CPU.Build.0 = Release|Any CPU
		{AA80D9B4-BCC5-4520-B165-0B3AC3414A72}.Debug|Any CPU.ActiveCfg = Debug|Any CPU
		{AA80D9B4-BCC5-4520-B165-0B3AC3414A72}.Debug|Any CPU.Build.0 = Debug|Any CPU
		{AA80D9B4-BCC5-4520-B165-0B3AC3414A72}.Release|Any CPU.ActiveCfg = Release|Any CPU
		{AA80D9B4-BCC5-4520-B165-0B3AC3414A72}.Release|Any CPU.Build.0 = Release|Any CPU
		{0ADB2725-6FD9-4404-A167-4375278FEF38}.Debug|Any CPU.ActiveCfg = Debug|Any CPU
		{0ADB2725-6FD9-4404-A167-4375278FEF38}.Debug|Any CPU.Build.0 = Debug|Any CPU
		{0ADB2725-6FD9-4404-A167-4375278FEF38}.Release|Any CPU.ActiveCfg = Release|Any CPU
		{0ADB2725-6FD9-4404-A167-4375278FEF38}.Release|Any CPU.Build.0 = Release|Any CPU
		{57D7FFD4-0DEB-4C02-B7D5-6ADB187625A4}.Debug|Any CPU.ActiveCfg = Debug|Any CPU
		{57D7FFD4-0DEB-4C02-B7D5-6ADB187625A4}.Debug|Any CPU.Build.0 = Debug|Any CPU
		{57D7FFD4-0DEB-4C02-B7D5-6ADB187625A4}.Release|Any CPU.ActiveCfg = Release|Any CPU
		{57D7FFD4-0DEB-4C02-B7D5-6ADB187625A4}.Release|Any CPU.Build.0 = Release|Any CPU
		{F31C8B43-9A24-41A5-A244-9610AD719DBD}.Debug|Any CPU.ActiveCfg = Debug|Any CPU
		{F31C8B43-9A24-41A5-A244-9610AD719DBD}.Debug|Any CPU.Build.0 = Debug|Any CPU
		{F31C8B43-9A24-41A5-A244-9610AD719DBD}.Release|Any CPU.ActiveCfg = Release|Any CPU
		{F31C8B43-9A24-41A5-A244-9610AD719DBD}.Release|Any CPU.Build.0 = Release|Any CPU
		{B8FBAB7F-7B96-4E36-8519-4947E5F9A9AC}.Debug|Any CPU.ActiveCfg = Debug|Any CPU
		{B8FBAB7F-7B96-4E36-8519-4947E5F9A9AC}.Debug|Any CPU.Build.0 = Debug|Any CPU
		{B8FBAB7F-7B96-4E36-8519-4947E5F9A9AC}.Release|Any CPU.ActiveCfg = Release|Any CPU
		{B8FBAB7F-7B96-4E36-8519-4947E5F9A9AC}.Release|Any CPU.Build.0 = Release|Any CPU
		{9F606ACF-2297-4571-AEEF-8EA7CD2936BF}.Debug|Any CPU.ActiveCfg = Debug|Any CPU
		{9F606ACF-2297-4571-AEEF-8EA7CD2936BF}.Debug|Any CPU.Build.0 = Debug|Any CPU
		{9F606ACF-2297-4571-AEEF-8EA7CD2936BF}.Release|Any CPU.ActiveCfg = Release|Any CPU
		{9F606ACF-2297-4571-AEEF-8EA7CD2936BF}.Release|Any CPU.Build.0 = Release|Any CPU
		{4AD17582-9D76-4FCA-BFE8-C7A49F0F4E7E}.Debug|Any CPU.ActiveCfg = Debug|Any CPU
		{4AD17582-9D76-4FCA-BFE8-C7A49F0F4E7E}.Debug|Any CPU.Build.0 = Debug|Any CPU
		{4AD17582-9D76-4FCA-BFE8-C7A49F0F4E7E}.Release|Any CPU.ActiveCfg = Release|Any CPU
		{4AD17582-9D76-4FCA-BFE8-C7A49F0F4E7E}.Release|Any CPU.Build.0 = Release|Any CPU
	EndGlobalSection
	GlobalSection(SolutionProperties) = preSolution
		HideSolutionNode = FALSE
	EndGlobalSection
	GlobalSection(ExtensibilityGlobals) = postSolution
		SolutionGuid = {BDC29D7B-94D6-41DC-8E79-2ED196FF2A29}
	EndGlobalSection
EndGlobal
